
Microsoft Visual Studio Solution File, Format Version 12.00
# Visual Studio Version 16
VisualStudioVersion = 16.0.32002.261
MinimumVisualStudioVersion = 10.0.40219.1
Project("{8BC9CEB8-8B4A-11D0-8D11-00A0C91BC942}") = "CrosEC", "CrosEC\CrosEC.vcxproj", "{48A7F254-A037-4D4D-A67E-F8D5BE26EC1D}"
EndProject
Project("{8BC9CEB8-8B4A-11D0-8D11-00A0C91BC942}") = "FauxECTool", "FauxECTool\FauxECTool.vcxproj", "{233EC23E-EC7F-403D-B226-AB9F94365D90}"
EndProject
Project("{8BC9CEB8-8B4A-11D0-8D11-00A0C91BC942}") = "Installer", "Installer\Installer.vcxproj", "{40DB3049-D338-4C0E-9EA4-9745606B0550}"
EndProject
Global
	GlobalSection(SolutionConfigurationPlatforms) = preSolution
		Debug|ARM = Debug|ARM
		Debug|ARM64 = Debug|ARM64
		Debug|x64 = Debug|x64
		Debug|x86 = Debug|x86
		Release|ARM = Release|ARM
		Release|ARM64 = Release|ARM64
		Release|x64 = Release|x64
		Release|x86 = Release|x86
	EndGlobalSection
	GlobalSection(ProjectConfigurationPlatforms) = postSolution
		{48A7F254-A037-4D4D-A67E-F8D5BE26EC1D}.Debug|ARM.ActiveCfg = Debug|ARM
		{48A7F254-A037-4D4D-A67E-F8D5BE26EC1D}.Debug|ARM.Build.0 = Debug|ARM
		{48A7F254-A037-4D4D-A67E-F8D5BE26EC1D}.Debug|ARM64.ActiveCfg = Debug|ARM64
		{48A7F254-A037-4D4D-A67E-F8D5BE26EC1D}.Debug|ARM64.Build.0 = Debug|ARM64
		{48A7F254-A037-4D4D-A67E-F8D5BE26EC1D}.Debug|x64.ActiveCfg = Debug|x64
		{48A7F254-A037-4D4D-A67E-F8D5BE26EC1D}.Debug|x64.Build.0 = Debug|x64
		{48A7F254-A037-4D4D-A67E-F8D5BE26EC1D}.Debug|x86.ActiveCfg = Debug|Win32
		{48A7F254-A037-4D4D-A67E-F8D5BE26EC1D}.Debug|x86.Build.0 = Debug|Win32
		{48A7F254-A037-4D4D-A67E-F8D5BE26EC1D}.Release|ARM.ActiveCfg = Release|ARM
		{48A7F254-A037-4D4D-A67E-F8D5BE26EC1D}.Release|ARM.Build.0 = Release|ARM
		{48A7F254-A037-4D4D-A67E-F8D5BE26EC1D}.Release|ARM64.ActiveCfg = Release|ARM64
		{48A7F254-A037-4D4D-A67E-F8D5BE26EC1D}.Release|ARM64.Build.0 = Release|ARM64
		{48A7F254-A037-4D4D-A67E-F8D5BE26EC1D}.Release|x64.ActiveCfg = Release|x64
		{48A7F254-A037-4D4D-A67E-F8D5BE26EC1D}.Release|x64.Build.0 = Release|x64
		{48A7F254-A037-4D4D-A67E-F8D5BE26EC1D}.Release|x86.ActiveCfg = Release|Win32
		{48A7F254-A037-4D4D-A67E-F8D5BE26EC1D}.Release|x86.Build.0 = Release|Win32
		{233EC23E-EC7F-403D-B226-AB9F94365D90}.Debug|ARM.ActiveCfg = Debug|Win32
		{233EC23E-EC7F-403D-B226-AB9F94365D90}.Debug|ARM64.ActiveCfg = Debug|Win32
		{233EC23E-EC7F-403D-B226-AB9F94365D90}.Debug|x64.ActiveCfg = Debug|x64
		{233EC23E-EC7F-403D-B226-AB9F94365D90}.Debug|x64.Build.0 = Debug|x64
		{233EC23E-EC7F-403D-B226-AB9F94365D90}.Debug|x86.ActiveCfg = Debug|Win32
		{233EC23E-EC7F-403D-B226-AB9F94365D90}.Debug|x86.Build.0 = Debug|Win32
		{233EC23E-EC7F-403D-B226-AB9F94365D90}.Release|ARM.ActiveCfg = Release|Win32
		{233EC23E-EC7F-403D-B226-AB9F94365D90}.Release|ARM64.ActiveCfg = Release|Win32
		{233EC23E-EC7F-403D-B226-AB9F94365D90}.Release|x64.ActiveCfg = Release|x64
		{233EC23E-EC7F-403D-B226-AB9F94365D90}.Release|x64.Build.0 = Release|x64
		{233EC23E-EC7F-403D-B226-AB9F94365D90}.Release|x86.ActiveCfg = Release|Win32
		{233EC23E-EC7F-403D-B226-AB9F94365D90}.Release|x86.Build.0 = Release|Win32
		{40DB3049-D338-4C0E-9EA4-9745606B0550}.Debug|ARM.ActiveCfg = Debug|Win32
		{40DB3049-D338-4C0E-9EA4-9745606B0550}.Debug|ARM64.ActiveCfg = Debug|Win32
		{40DB3049-D338-4C0E-9EA4-9745606B0550}.Debug|x64.ActiveCfg = Debug|x64
		{40DB3049-D338-4C0E-9EA4-9745606B0550}.Debug|x64.Build.0 = Debug|x64
		{40DB3049-D338-4C0E-9EA4-9745606B0550}.Debug|x86.ActiveCfg = Debug|Win32
		{40DB3049-D338-4C0E-9EA4-9745606B0550}.Debug|x86.Build.0 = Debug|Win32
		{40DB3049-D338-4C0E-9EA4-9745606B0550}.Release|ARM.ActiveCfg = Release|Win32
		{40DB3049-D338-4C0E-9EA4-9745606B0550}.Release|ARM64.ActiveCfg = Release|Win32
		{40DB3049-D338-4C0E-9EA4-9745606B0550}.Release|x64.ActiveCfg = Release|x64
		{40DB3049-D338-4C0E-9EA4-9745606B0550}.Release|x64.Build.0 = Release|x64
		{40DB3049-D338-4C0E-9EA4-9745606B0550}.Release|x86.ActiveCfg = Release|Win32
		{40DB3049-D338-4C0E-9EA4-9745606B0550}.Release|x86.Build.0 = Release|Win32
	EndGlobalSection
	GlobalSection(SolutionProperties) = preSolution
		HideSolutionNode = FALSE
	EndGlobalSection
	GlobalSection(ExtensibilityGlobals) = postSolution
		SolutionGuid = {15BFE86C-EE9E-4FA7-AD2E-E1CD20A29AA2}
	EndGlobalSection
EndGlobal
